// !$*UTF8*$!
{
	archiveVersion = 1;
	classes = {
	};
	objectVersion = 50;
	objects = {

/* Begin PBXBuildFile section */
		80CEF2F221234DF70053086D /* AppDelegate.swift in Sources */ = {isa = PBXBuildFile; fileRef = 80CEF2F121234DF70053086D /* AppDelegate.swift */; };
		80CEF2F421234DF70053086D /* ViewController.swift in Sources */ = {isa = PBXBuildFile; fileRef = 80CEF2F321234DF70053086D /* ViewController.swift */; };
		80CEF2F721234DF70053086D /* Main.storyboard in Resources */ = {isa = PBXBuildFile; fileRef = 80CEF2F521234DF70053086D /* Main.storyboard */; };
		80CEF2F921234DF90053086D /* Assets.xcassets in Resources */ = {isa = PBXBuildFile; fileRef = 80CEF2F821234DF90053086D /* Assets.xcassets */; };
		80CEF2FC21234DF90053086D /* LaunchScreen.storyboard in Resources */ = {isa = PBXBuildFile; fileRef = 80CEF2FA21234DF90053086D /* LaunchScreen.storyboard */; };
/* End PBXBuildFile section */

/* Begin PBXFileReference section */
		1318E1BB6BDB474AAA9E2DE2 /* Release.xcconfig */ = {isa = PBXFileReference; fileEncoding = 4; lastKnownFileType = text.xcconfig; name = Release.xcconfig; path = Release.xcconfig; sourceTree = "<group>"; };
		465A24114A394FCE85FE932F /* Template.xcconfig */ = {isa = PBXFileReference; fileEncoding = 4; lastKnownFileType = text.xcconfig; name = Template.xcconfig; path = Template.xcconfig; sourceTree = "<group>"; };
		6F5E8E6DC572427A92CE886F /* Template-Release.xcconfig */ = {isa = PBXFileReference; fileEncoding = 4; lastKnownFileType = text.xcconfig; name = Template-Release.xcconfig; path = Template-Release.xcconfig; sourceTree = "<group>"; };
		7A0194B121064386A6AE7355 /* Template-Debug.xcconfig */ = {isa = PBXFileReference; fileEncoding = 4; lastKnownFileType = text.xcconfig; name = Template-Debug.xcconfig; path = Template-Debug.xcconfig; sourceTree = "<group>"; };
		80CEF2EE21234DF70053086D /* Template.app */ = {isa = PBXFileReference; explicitFileType = wrapper.application; includeInIndex = 0; path = Template.app; sourceTree = BUILT_PRODUCTS_DIR; };
		80CEF2F121234DF70053086D /* AppDelegate.swift */ = {isa = PBXFileReference; lastKnownFileType = sourcecode.swift; path = AppDelegate.swift; sourceTree = "<group>"; };
		80CEF2F321234DF70053086D /* ViewController.swift */ = {isa = PBXFileReference; lastKnownFileType = sourcecode.swift; path = ViewController.swift; sourceTree = "<group>"; };
		80CEF2F621234DF70053086D /* Base */ = {isa = PBXFileReference; lastKnownFileType = file.storyboard; name = Base; path = Base.lproj/Main.storyboard; sourceTree = "<group>"; };
		80CEF2F821234DF90053086D /* Assets.xcassets */ = {isa = PBXFileReference; lastKnownFileType = folder.assetcatalog; path = Assets.xcassets; sourceTree = "<group>"; };
		80CEF2FB21234DF90053086D /* Base */ = {isa = PBXFileReference; lastKnownFileType = file.storyboard; name = Base; path = Base.lproj/LaunchScreen.storyboard; sourceTree = "<group>"; };
		80CEF2FD21234DF90053086D /* Info.plist */ = {isa = PBXFileReference; lastKnownFileType = text.plist.xml; path = Info.plist; sourceTree = "<group>"; };
		8AB543C7FD0741B7BB2BB247 /* Debug.xcconfig */ = {isa = PBXFileReference; fileEncoding = 4; lastKnownFileType = text.xcconfig; name = Debug.xcconfig; path = Debug.xcconfig; sourceTree = "<group>"; };
		B8C5BB0EA17D4B4C91356B78 /* Base.xcconfig */ = {isa = PBXFileReference; fileEncoding = 4; lastKnownFileType = text.xcconfig; name = Base.xcconfig; path = Base.xcconfig; sourceTree = "<group>"; };
/* End PBXFileReference section */

/* Begin PBXFrameworksBuildPhase section */
		80CEF2EB21234DF70053086D /* Frameworks */ = {
			isa = PBXFrameworksBuildPhase;
			buildActionMask = 2147483647;
			files = (
			);
			runOnlyForDeploymentPostprocessing = 0;
		};
/* End PBXFrameworksBuildPhase section */

/* Begin PBXGroup section */
		80CEF2E521234DF70053086D = {
			isa = PBXGroup;
			children = (
				80CEF2F021234DF70053086D /* Template */,
				80CEF2EF21234DF70053086D /* Products */,
				A9A247A1630D4526ACDD4CE4 /* configs */,
			);
			sourceTree = "<group>";
		};
		80CEF2EF21234DF70053086D /* Products */ = {
			isa = PBXGroup;
			children = (
				80CEF2EE21234DF70053086D /* Template.app */,
			);
			name = Products;
			sourceTree = "<group>";
		};
		80CEF2F021234DF70053086D /* Template */ = {
			isa = PBXGroup;
			children = (
				80CEF2F121234DF70053086D /* AppDelegate.swift */,
				80CEF2F321234DF70053086D /* ViewController.swift */,
				80CEF2F521234DF70053086D /* Main.storyboard */,
				80CEF2F821234DF90053086D /* Assets.xcassets */,
				80CEF2FA21234DF90053086D /* LaunchScreen.storyboard */,
				80CEF2FD21234DF90053086D /* Info.plist */,
			);
			path = Template;
			sourceTree = "<group>";
		};
		A9A247A1630D4526ACDD4CE4 /* configs */ = {
			isa = PBXGroup;
			children = (
				7A0194B121064386A6AE7355 /* Template-Debug.xcconfig */,
				8AB543C7FD0741B7BB2BB247 /* Debug.xcconfig */,
				1318E1BB6BDB474AAA9E2DE2 /* Release.xcconfig */,
				6F5E8E6DC572427A92CE886F /* Template-Release.xcconfig */,
				465A24114A394FCE85FE932F /* Template.xcconfig */,
				B8C5BB0EA17D4B4C91356B78 /* Base.xcconfig */,
			);
			path = configs;
			sourceTree = "<group>";
		};
/* End PBXGroup section */

/* Begin PBXNativeTarget section */
		80CEF2ED21234DF70053086D /* Template */ = {
			isa = PBXNativeTarget;
			buildConfigurationList = 80CEF30021234DF90053086D /* Build configuration list for PBXNativeTarget "Template" */;
			buildPhases = (
				80CEF2EA21234DF70053086D /* Sources */,
				80CEF2EB21234DF70053086D /* Frameworks */,
				80CEF2EC21234DF70053086D /* Resources */,
			);
			buildRules = (
			);
			dependencies = (
			);
			name = Template;
			productName = Template;
			productReference = 80CEF2EE21234DF70053086D /* Template.app */;
			productType = "com.apple.product-type.application";
		};
/* End PBXNativeTarget section */

/* Begin PBXProject section */
		80CEF2E621234DF70053086D /* Project object */ = {
			isa = PBXProject;
			attributes = {
				LastSwiftUpdateCheck = 0940;
				LastUpgradeCheck = 0940;
				ORGANIZATIONNAME = Garrefa;
				TargetAttributes = {
					80CEF2ED21234DF70053086D = {
						CreatedOnToolsVersion = 9.4.1;
					};
				};
			};
			buildConfigurationList = 80CEF2E921234DF70053086D /* Build configuration list for PBXProject "Template" */;
			compatibilityVersion = "Xcode 9.3";
			developmentRegion = en;
			hasScannedForEncodings = 0;
			knownRegions = (
				en,
				Base,
			);
			mainGroup = 80CEF2E521234DF70053086D;
			productRefGroup = 80CEF2EF21234DF70053086D /* Products */;
			projectDirPath = "";
			projectRoot = "";
			targets = (
				80CEF2ED21234DF70053086D /* Template */,
			);
		};
/* End PBXProject section */

/* Begin PBXResourcesBuildPhase section */
		80CEF2EC21234DF70053086D /* Resources */ = {
			isa = PBXResourcesBuildPhase;
			buildActionMask = 2147483647;
			files = (
				80CEF2FC21234DF90053086D /* LaunchScreen.storyboard in Resources */,
				80CEF2F921234DF90053086D /* Assets.xcassets in Resources */,
				80CEF2F721234DF70053086D /* Main.storyboard in Resources */,
			);
			runOnlyForDeploymentPostprocessing = 0;
		};
/* End PBXResourcesBuildPhase section */

/* Begin PBXSourcesBuildPhase section */
		80CEF2EA21234DF70053086D /* Sources */ = {
			isa = PBXSourcesBuildPhase;
			buildActionMask = 2147483647;
			files = (
				80CEF2F421234DF70053086D /* ViewController.swift in Sources */,
				80CEF2F221234DF70053086D /* AppDelegate.swift in Sources */,
			);
			runOnlyForDeploymentPostprocessing = 0;
		};
/* End PBXSourcesBuildPhase section */

/* Begin PBXVariantGroup section */
		80CEF2F521234DF70053086D /* Main.storyboard */ = {
			isa = PBXVariantGroup;
			children = (
				80CEF2F621234DF70053086D /* Base */,
			);
			name = Main.storyboard;
			sourceTree = "<group>";
		};
		80CEF2FA21234DF90053086D /* LaunchScreen.storyboard */ = {
			isa = PBXVariantGroup;
			children = (
				80CEF2FB21234DF90053086D /* Base */,
			);
			name = LaunchScreen.storyboard;
			sourceTree = "<group>";
		};
/* End PBXVariantGroup section */

/* Begin XCBuildConfiguration section */
		80CEF2FE21234DF90053086D /* Debug */ = {
			isa = XCBuildConfiguration;
			baseConfigurationReference = 8AB543C7FD0741B7BB2BB247 /* Debug.xcconfig */;
			buildSettings = {
			};
			name = Debug;
		};
		80CEF2FF21234DF90053086D /* Release */ = {
			isa = XCBuildConfiguration;
			baseConfigurationReference = 1318E1BB6BDB474AAA9E2DE2 /* Release.xcconfig */;
			buildSettings = {
			};
			name = Release;
		};
		80CEF30121234DF90053086D /* Debug */ = {
			isa = XCBuildConfiguration;
			baseConfigurationReference = 7A0194B121064386A6AE7355 /* Template-Debug.xcconfig */;
			buildSettings = {
			};
			name = Debug;
		};
		80CEF30221234DF90053086D /* Release */ = {
			isa = XCBuildConfiguration;
			baseConfigurationReference = 6F5E8E6DC572427A92CE886F /* Template-Release.xcconfig */;
			buildSettings = {
			};
			name = Release;
		};
/* End XCBuildConfiguration section */

/* Begin XCConfigurationList section */
		80CEF2E921234DF70053086D /* Build configuration list for PBXProject "Template" */ = {
			isa = XCConfigurationList;
			buildConfigurations = (
				80CEF2FE21234DF90053086D /* Debug */,
				80CEF2FF21234DF90053086D /* Release */,
			);
			defaultConfigurationIsVisible = 0;
			defaultConfigurationName = Release;
		};
		80CEF30021234DF90053086D /* Build configuration list for PBXNativeTarget "Template" */ = {
			isa = XCConfigurationList;
			buildConfigurations = (
				80CEF30121234DF90053086D /* Debug */,
				80CEF30221234DF90053086D /* Release */,
			);
			defaultConfigurationIsVisible = 0;
			defaultConfigurationName = Release;
		};
/* End XCConfigurationList section */
	};
	rootObject = 80CEF2E621234DF70053086D /* Project object */;
}
