// !$*UTF8*$!
{
	archiveVersion = 1;
	classes = {
	};
	objectVersion = 46;
	objects = {

/* Begin PBXBuildFile section */
		BF_169205679468 /* ViewController.swift in Sources */ = {isa = PBXBuildFile; fileRef = FR_304928265094 /* ViewController.swift */; };
		BF_601167293483 /* XCGLogger.framework in Frameworks */ = {isa = PBXBuildFile; fileRef = FR_425749259745 /* XCGLogger.framework */; };
		BF_614624340883 /* Assets.xcassets in Resources */ = {isa = PBXBuildFile; fileRef = FR_901996510220 /* Assets.xcassets */; };
		BF_620308637043 /* TemplateUITests.swift in Sources */ = {isa = PBXBuildFile; fileRef = FR_635905748507 /* TemplateUITests.swift */; };
		BF_649884473281 /* Main.storyboard in Resources */ = {isa = PBXBuildFile; fileRef = VG_598740555546 /* Main.storyboard */; };
		BF_673794706721 /* TemplateTests.swift in Sources */ = {isa = PBXBuildFile; fileRef = FR_785586901966 /* TemplateTests.swift */; };
		BF_820196946020 /* AppDelegate.swift in Sources */ = {isa = PBXBuildFile; fileRef = FR_651550168025 /* AppDelegate.swift */; };
		BF_839861157871 /* LaunchScreen.storyboard in Resources */ = {isa = PBXBuildFile; fileRef = VG_543236541187 /* LaunchScreen.storyboard */; };
/* End PBXBuildFile section */

/* Begin PBXContainerItemProxy section */
		CIP_14168556932 /* PBXContainerItemProxy */ = {
			isa = PBXContainerItemProxy;
			containerPortal = P_5451039419594 /* Project object */;
			proxyType = 1;
			remoteGlobalIDString = NT_545103941959;
			remoteInfo = AutoTemplate;
		};
		CIP_41366359668 /* PBXContainerItemProxy */ = {
			isa = PBXContainerItemProxy;
			containerPortal = P_5451039419594 /* Project object */;
			proxyType = 1;
			remoteGlobalIDString = NT_545103941959;
			remoteInfo = AutoTemplate;
		};
/* End PBXContainerItemProxy section */

/* Begin PBXFileReference section */
		FR_130229689641 /* Info.plist */ = {isa = PBXFileReference; lastKnownFileType = text.plist.xml; path = Info.plist; sourceTree = "<group>"; };
		FR_133865618161 /* Template-Debug.xcconfig */ = {isa = PBXFileReference; lastKnownFileType = text.xcconfig; path = "Template-Debug.xcconfig"; sourceTree = "<group>"; };
		FR_281684870025 /* Debug.xcconfig */ = {isa = PBXFileReference; lastKnownFileType = text.xcconfig; path = Debug.xcconfig; sourceTree = "<group>"; };
		FR_282045703229 /* TemplateUITests-Debug.xcconfig */ = {isa = PBXFileReference; lastKnownFileType = text.xcconfig; path = "TemplateUITests-Debug.xcconfig"; sourceTree = "<group>"; };
		FR_304928265094 /* ViewController.swift */ = {isa = PBXFileReference; lastKnownFileType = sourcecode.swift; path = ViewController.swift; sourceTree = "<group>"; };
		FR_360629439696 /* AutoTemplateUITests.xctest */ = {isa = PBXFileReference; explicitFileType = wrapper.cfbundle; includeInIndex = 0; path = AutoTemplateUITests.xctest; sourceTree = BUILT_PRODUCTS_DIR; };
		FR_425749259745 /* XCGLogger.framework */ = {isa = PBXFileReference; lastKnownFileType = wrapper.framework; path = XCGLogger.framework; sourceTree = "<group>"; };
		FR_431754397536 /* Release.xcconfig */ = {isa = PBXFileReference; lastKnownFileType = text.xcconfig; path = Release.xcconfig; sourceTree = "<group>"; };
		FR_445952623352 /* TemplateTests-Debug.xcconfig */ = {isa = PBXFileReference; lastKnownFileType = text.xcconfig; path = "TemplateTests-Debug.xcconfig"; sourceTree = "<group>"; };
		FR_482842576856 /* Info.plist */ = {isa = PBXFileReference; lastKnownFileType = text.plist.xml; path = Info.plist; sourceTree = "<group>"; };
		FR_543236541187 /* Base */ = {isa = PBXFileReference; lastKnownFileType = file.storyboard; name = Base; path = Base.lproj/LaunchScreen.storyboard; sourceTree = "<group>"; };
		FR_545103941959 /* AutoTemplate.app */ = {isa = PBXFileReference; includeInIndex = 0; lastKnownFileType = wrapper.application; path = AutoTemplate.app; sourceTree = BUILT_PRODUCTS_DIR; };
		FR_598740555546 /* Base */ = {isa = PBXFileReference; lastKnownFileType = file.storyboard; name = Base; path = Base.lproj/Main.storyboard; sourceTree = "<group>"; };
		FR_606548502946 /* Info.plist */ = {isa = PBXFileReference; lastKnownFileType = text.plist.xml; path = Info.plist; sourceTree = "<group>"; };
		FR_635905748507 /* TemplateUITests.swift */ = {isa = PBXFileReference; lastKnownFileType = sourcecode.swift; path = TemplateUITests.swift; sourceTree = "<group>"; };
		FR_651550168025 /* AppDelegate.swift */ = {isa = PBXFileReference; lastKnownFileType = sourcecode.swift; path = AppDelegate.swift; sourceTree = "<group>"; };
		FR_668810089903 /* TemplateUITests-Release.xcconfig */ = {isa = PBXFileReference; lastKnownFileType = text.xcconfig; path = "TemplateUITests-Release.xcconfig"; sourceTree = "<group>"; };
		FR_723630689229 /* Template-Release.xcconfig */ = {isa = PBXFileReference; lastKnownFileType = text.xcconfig; path = "Template-Release.xcconfig"; sourceTree = "<group>"; };
		FR_756324949398 /* TemplateTests-Release.xcconfig */ = {isa = PBXFileReference; lastKnownFileType = text.xcconfig; path = "TemplateTests-Release.xcconfig"; sourceTree = "<group>"; };
		FR_785586901966 /* TemplateTests.swift */ = {isa = PBXFileReference; lastKnownFileType = sourcecode.swift; path = TemplateTests.swift; sourceTree = "<group>"; };
		FR_901996510220 /* Assets.xcassets */ = {isa = PBXFileReference; lastKnownFileType = folder.assetcatalog; path = Assets.xcassets; sourceTree = "<group>"; };
		FR_910225129750 /* AutoTemplateTests.xctest */ = {isa = PBXFileReference; includeInIndex = 0; lastKnownFileType = wrapper.cfbundle; path = AutoTemplateTests.xctest; sourceTree = BUILT_PRODUCTS_DIR; };
/* End PBXFileReference section */

/* Begin PBXFrameworksBuildPhase section */
		FBP_54510394195 /* Frameworks */ = {
			isa = PBXFrameworksBuildPhase;
			buildActionMask = 2147483647;
			files = (
				BF_601167293483 /* XCGLogger.framework in Frameworks */,
			);
			runOnlyForDeploymentPostprocessing = 0;
		};
/* End PBXFrameworksBuildPhase section */

/* Begin PBXGroup section */
		G_1952740716080 /* Frameworks */ = {
			isa = PBXGroup;
			children = (
				G_2883690153011 /* Carthage */,
			);
			name = Frameworks;
			sourceTree = "<group>";
		};
		G_2262017438925 /* iOS */ = {
			isa = PBXGroup;
			children = (
				FR_425749259745 /* XCGLogger.framework */,
			);
			path = iOS;
			sourceTree = "<group>";
		};
		G_2883690153011 /* Carthage */ = {
			isa = PBXGroup;
			children = (
				G_2262017438925 /* iOS */,
			);
			name = Carthage;
			path = Carthage/Build;
			sourceTree = "<group>";
		};
		G_4772531016036 /* xcconfigs */ = {
			isa = PBXGroup;
			children = (
				FR_281684870025 /* Debug.xcconfig */,
				FR_431754397536 /* Release.xcconfig */,
				FR_133865618161 /* Template-Debug.xcconfig */,
				FR_723630689229 /* Template-Release.xcconfig */,
				FR_445952623352 /* TemplateTests-Debug.xcconfig */,
				FR_756324949398 /* TemplateTests-Release.xcconfig */,
				FR_282045703229 /* TemplateUITests-Debug.xcconfig */,
				FR_668810089903 /* TemplateUITests-Release.xcconfig */,
			);
			path = xcconfigs;
			sourceTree = "<group>";
		};
		G_5643418999160 /* TemplateTests */ = {
			isa = PBXGroup;
			children = (
				FR_606548502946 /* Info.plist */,
				FR_785586901966 /* TemplateTests.swift */,
			);
			path = TemplateTests;
			sourceTree = "<group>";
		};
		G_7430358033763 /* ViewControllers */ = {
			isa = PBXGroup;
			children = (
				FR_304928265094 /* ViewController.swift */,
			);
			path = ViewControllers;
			sourceTree = "<group>";
		};
		G_7461694755075 /* Template */ = {
			isa = PBXGroup;
			children = (
				G_7430358033763 /* ViewControllers */,
				FR_651550168025 /* AppDelegate.swift */,
				FR_901996510220 /* Assets.xcassets */,
				FR_130229689641 /* Info.plist */,
				VG_543236541187 /* LaunchScreen.storyboard */,
				VG_598740555546 /* Main.storyboard */,
			);
			path = Template;
			sourceTree = "<group>";
		};
		G_8448771205358 = {
			isa = PBXGroup;
			children = (
				G_1952740716080 /* Frameworks */,
				G_8620238527590 /* Products */,
				G_7461694755075 /* Template */,
				G_5643418999160 /* TemplateTests */,
				G_9160725597905 /* TemplateUITests */,
				G_4772531016036 /* xcconfigs */,
			);
			sourceTree = "<group>";
		};
		G_8620238527590 /* Products */ = {
			isa = PBXGroup;
			children = (
				FR_545103941959 /* AutoTemplate.app */,
				FR_910225129750 /* AutoTemplateTests.xctest */,
				FR_360629439696 /* AutoTemplateUITests.xctest */,
			);
			name = Products;
			sourceTree = "<group>";
		};
		G_9160725597905 /* TemplateUITests */ = {
			isa = PBXGroup;
			children = (
				FR_482842576856 /* Info.plist */,
				FR_635905748507 /* TemplateUITests.swift */,
			);
			path = TemplateUITests;
			sourceTree = "<group>";
		};
/* End PBXGroup section */

/* Begin PBXNativeTarget section */
		NT_360629439696 /* AutoTemplateUITests */ = {
			isa = PBXNativeTarget;
			buildConfigurationList = CL_360629439696 /* Build configuration list for PBXNativeTarget "AutoTemplateUITests" */;
			buildPhases = (
				SBP_36062943969 /* Sources */,
				SSBP_7373182387 /* Carthage */,
			);
			buildRules = (
			);
			dependencies = (
				TD_873228123652 /* PBXTargetDependency */,
			);
			name = AutoTemplateUITests;
			productName = AutoTemplateUITests;
			productReference = FR_360629439696 /* AutoTemplateUITests.xctest */;
			productType = "com.apple.product-type.bundle.ui-testing";
		};
		NT_545103941959 /* AutoTemplate */ = {
			isa = PBXNativeTarget;
			buildConfigurationList = "CL_545103941959-1" /* Build configuration list for PBXNativeTarget "AutoTemplate" */;
			buildPhases = (
				SBP_54510394195 /* Sources */,
				RBP_54510394195 /* Resources */,
				FBP_54510394195 /* Frameworks */,
				SSBP_2956016469 /* Carthage */,
			);
			buildRules = (
			);
			dependencies = (
			);
			name = AutoTemplate;
			productName = AutoTemplate;
			productReference = FR_545103941959 /* AutoTemplate.app */;
			productType = "com.apple.product-type.application";
		};
		NT_910225129750 /* AutoTemplateTests */ = {
			isa = PBXNativeTarget;
			buildConfigurationList = CL_910225129750 /* Build configuration list for PBXNativeTarget "AutoTemplateTests" */;
			buildPhases = (
				SBP_91022512975 /* Sources */,
				SSBP_6329720916 /* Carthage */,
			);
			buildRules = (
			);
			dependencies = (
				TD_557957994576 /* PBXTargetDependency */,
			);
			name = AutoTemplateTests;
			productName = AutoTemplateTests;
			productReference = FR_910225129750 /* AutoTemplateTests.xctest */;
			productType = "com.apple.product-type.bundle.unit-test";
		};
/* End PBXNativeTarget section */

/* Begin PBXProject section */
		P_5451039419594 /* Project object */ = {
			isa = PBXProject;
			attributes = {
				LastUpgradeCheck = 0930;
				TargetAttributes = {
					NT_360629439696 = {
						DevelopmentTeam = QQ237CS88T;
						ProvisioningStyle = Automatic;
						TestTargetID = NT_545103941959;
					};
					NT_545103941959 = {
						DevelopmentTeam = QQ237CS88T;
						ProvisioningStyle = Automatic;
					};
					NT_910225129750 = {
						DevelopmentTeam = QQ237CS88T;
						ProvisioningStyle = Automatic;
					};
				};
			};
			buildConfigurationList = CL_545103941959 /* Build configuration list for PBXProject "AutoTemplate" */;
			compatibilityVersion = "Xcode 3.2";
			developmentRegion = en;
			hasScannedForEncodings = 0;
			knownRegions = (
				Base,
			);
			mainGroup = G_8448771205358;
			projectDirPath = "";
			projectRoot = "";
			targets = (
				NT_545103941959 /* AutoTemplate */,
				NT_910225129750 /* AutoTemplateTests */,
				NT_360629439696 /* AutoTemplateUITests */,
			);
		};
/* End PBXProject section */

/* Begin PBXResourcesBuildPhase section */
		RBP_54510394195 /* Resources */ = {
			isa = PBXResourcesBuildPhase;
			buildActionMask = 2147483647;
			files = (
				BF_614624340883 /* Assets.xcassets in Resources */,
				BF_839861157871 /* LaunchScreen.storyboard in Resources */,
				BF_649884473281 /* Main.storyboard in Resources */,
			);
			runOnlyForDeploymentPostprocessing = 0;
		};
/* End PBXResourcesBuildPhase section */

/* Begin PBXShellScriptBuildPhase section */
		SSBP_2956016469 /* Carthage */ = {
			isa = PBXShellScriptBuildPhase;
			buildActionMask = 2147483647;
			files = (
			);
			inputPaths = (
				"$(SRCROOT)/Carthage/Build/iOS/XCGLogger.framework",
			);
			name = Carthage;
			outputPaths = (
				"$(BUILT_PRODUCTS_DIR)/$(FRAMEWORKS_FOLDER_PATH)/XCGLogger.framework",
			);
			runOnlyForDeploymentPostprocessing = 0;
			shellPath = /bin/sh;
			shellScript = "carthage copy-frameworks\n";
		};
		SSBP_6329720916 /* Carthage */ = {
			isa = PBXShellScriptBuildPhase;
			buildActionMask = 2147483647;
			files = (
			);
			inputPaths = (
				"$(SRCROOT)/Carthage/Build/iOS/XCGLogger.framework",
			);
			name = Carthage;
			outputPaths = (
				"$(BUILT_PRODUCTS_DIR)/$(FRAMEWORKS_FOLDER_PATH)/XCGLogger.framework",
			);
			runOnlyForDeploymentPostprocessing = 0;
			shellPath = /bin/sh;
			shellScript = "carthage copy-frameworks\n";
		};
		SSBP_7373182387 /* Carthage */ = {
			isa = PBXShellScriptBuildPhase;
			buildActionMask = 2147483647;
			files = (
			);
			inputPaths = (
				"$(SRCROOT)/Carthage/Build/iOS/XCGLogger.framework",
			);
			name = Carthage;
			outputPaths = (
				"$(BUILT_PRODUCTS_DIR)/$(FRAMEWORKS_FOLDER_PATH)/XCGLogger.framework",
			);
			runOnlyForDeploymentPostprocessing = 0;
			shellPath = /bin/sh;
			shellScript = "carthage copy-frameworks\n";
		};
/* End PBXShellScriptBuildPhase section */

/* Begin PBXSourcesBuildPhase section */
		SBP_36062943969 /* Sources */ = {
			isa = PBXSourcesBuildPhase;
			buildActionMask = 2147483647;
			files = (
				BF_620308637043 /* TemplateUITests.swift in Sources */,
			);
			runOnlyForDeploymentPostprocessing = 0;
		};
		SBP_54510394195 /* Sources */ = {
			isa = PBXSourcesBuildPhase;
			buildActionMask = 2147483647;
			files = (
				BF_820196946020 /* AppDelegate.swift in Sources */,
				BF_169205679468 /* ViewController.swift in Sources */,
			);
			runOnlyForDeploymentPostprocessing = 0;
		};
		SBP_91022512975 /* Sources */ = {
			isa = PBXSourcesBuildPhase;
			buildActionMask = 2147483647;
			files = (
				BF_673794706721 /* TemplateTests.swift in Sources */,
			);
			runOnlyForDeploymentPostprocessing = 0;
		};
/* End PBXSourcesBuildPhase section */

/* Begin PBXTargetDependency section */
		TD_557957994576 /* PBXTargetDependency */ = {
			isa = PBXTargetDependency;
			target = NT_545103941959 /* AutoTemplate */;
			targetProxy = CIP_14168556932 /* PBXContainerItemProxy */;
		};
		TD_873228123652 /* PBXTargetDependency */ = {
			isa = PBXTargetDependency;
			target = NT_545103941959 /* AutoTemplate */;
			targetProxy = CIP_41366359668 /* PBXContainerItemProxy */;
		};
/* End PBXTargetDependency section */

/* Begin PBXVariantGroup section */
		VG_543236541187 /* LaunchScreen.storyboard */ = {
			isa = PBXVariantGroup;
			children = (
				FR_543236541187 /* Base */,
			);
			name = LaunchScreen.storyboard;
			sourceTree = "<group>";
		};
		VG_598740555546 /* Main.storyboard */ = {
			isa = PBXVariantGroup;
			children = (
				FR_598740555546 /* Base */,
			);
			name = Main.storyboard;
			sourceTree = "<group>";
		};
/* End PBXVariantGroup section */

/* Begin XCBuildConfiguration section */
		BC_123024743172 /* Debug */ = {
			isa = XCBuildConfiguration;
			baseConfigurationReference = FR_133865618161 /* Template-Debug.xcconfig */;
			buildSettings = {
				ALWAYS_EMBED_SWIFT_STANDARD_LIBRARIES = YES;
				"CODE_SIGN_IDENTITY[sdk=iphoneos*]" = "iPhone Developer";
				FRAMEWORK_SEARCH_PATHS = (
					"$(inherited)",
					"$(PROJECT_DIR)/Carthage/Build/iOS",
				);
			};
			name = Debug;
		};
		BC_479945831424 /* Debug */ = {
			isa = XCBuildConfiguration;
			baseConfigurationReference = FR_281684870025 /* Debug.xcconfig */;
			buildSettings = {
			};
			name = Debug;
		};
		BC_481984955873 /* Debug */ = {
			isa = XCBuildConfiguration;
			baseConfigurationReference = FR_282045703229 /* TemplateUITests-Debug.xcconfig */;
			buildSettings = {
				BUNDLE_LOADER = "$(TEST_HOST)";
				FRAMEWORK_SEARCH_PATHS = (
					"$(inherited)",
					"$(PROJECT_DIR)/Carthage/Build/iOS",
				);
				TEST_TARGET_NAME = AutoTemplate;
			};
			name = Debug;
		};
		BC_595804420641 /* Release */ = {
			isa = XCBuildConfiguration;
			baseConfigurationReference = FR_668810089903 /* TemplateUITests-Release.xcconfig */;
			buildSettings = {
				BUNDLE_LOADER = "$(TEST_HOST)";
				FRAMEWORK_SEARCH_PATHS = (
					"$(inherited)",
					"$(PROJECT_DIR)/Carthage/Build/iOS",
				);
				TEST_TARGET_NAME = AutoTemplate;
			};
			name = Release;
		};
		BC_654372531715 /* Release */ = {
			isa = XCBuildConfiguration;
			baseConfigurationReference = FR_723630689229 /* Template-Release.xcconfig */;
			buildSettings = {
				ALWAYS_EMBED_SWIFT_STANDARD_LIBRARIES = YES;
				"CODE_SIGN_IDENTITY[sdk=iphoneos*]" = "iPhone Developer";
				FRAMEWORK_SEARCH_PATHS = (
					"$(inherited)",
					"$(PROJECT_DIR)/Carthage/Build/iOS",
				);
			};
			name = Release;
		};
		BC_742063596155 /* Release */ = {
			isa = XCBuildConfiguration;
			baseConfigurationReference = FR_756324949398 /* TemplateTests-Release.xcconfig */;
			buildSettings = {
				FRAMEWORK_SEARCH_PATHS = (
					"$(inherited)",
					"$(PROJECT_DIR)/Carthage/Build/iOS",
				);
			};
			name = Release;
		};
		BC_769224367692 /* Debug */ = {
			isa = XCBuildConfiguration;
			baseConfigurationReference = FR_445952623352 /* TemplateTests-Debug.xcconfig */;
			buildSettings = {
				FRAMEWORK_SEARCH_PATHS = (
					"$(inherited)",
					"$(PROJECT_DIR)/Carthage/Build/iOS",
				);
			};
			name = Debug;
		};
		BC_881114754245 /* Release */ = {
			isa = XCBuildConfiguration;
			baseConfigurationReference = FR_431754397536 /* Release.xcconfig */;
			buildSettings = {
			};
			name = Release;
		};
/* End XCBuildConfiguration section */

/* Begin XCConfigurationList section */
		CL_360629439696 /* Build configuration list for PBXNativeTarget "AutoTemplateUITests" */ = {
			isa = XCConfigurationList;
			buildConfigurations = (
				BC_481984955873 /* Debug */,
				BC_595804420641 /* Release */,
			);
			defaultConfigurationIsVisible = 0;
			defaultConfigurationName = "";
		};
		CL_545103941959 /* Build configuration list for PBXProject "AutoTemplate" */ = {
			isa = XCConfigurationList;
			buildConfigurations = (
				BC_479945831424 /* Debug */,
				BC_881114754245 /* Release */,
			);
			defaultConfigurationIsVisible = 0;
			defaultConfigurationName = Debug;
		};
		"CL_545103941959-1" /* Build configuration list for PBXNativeTarget "AutoTemplate" */ = {
			isa = XCConfigurationList;
			buildConfigurations = (
				BC_123024743172 /* Debug */,
				BC_654372531715 /* Release */,
			);
			defaultConfigurationIsVisible = 0;
			defaultConfigurationName = "";
		};
		CL_910225129750 /* Build configuration list for PBXNativeTarget "AutoTemplateTests" */ = {
			isa = XCConfigurationList;
			buildConfigurations = (
				BC_769224367692 /* Debug */,
				BC_742063596155 /* Release */,
			);
			defaultConfigurationIsVisible = 0;
			defaultConfigurationName = "";
		};
/* End XCConfigurationList section */
	};
	rootObject = P_5451039419594 /* Project object */;
}
